# THIS IS AN AUTOGENERATED FILE. DO NOT EDIT THIS FILE DIRECTLY.
# yarn lockfile v1


typescript@next:
  version "3.9.0-dev.20200229"
  resolved "https://registry.yarnpkg.com/typescript/-/typescript-3.9.0-dev.20200229.tgz#45f0821d5c420a4c7d6d894c64531e1301dfa9bd"
  integrity sha512-DtSLzxoiUir0qRc3+JJBxiAe6NvTEM3uDxnPxVWJU6sRDhUi8Ssx6DBjGWCZAQJlLk5A+jk2ptf3JvvZrQlLNQ==
